
Microsoft Visual Studio Solution File, Format Version 12.00
# Visual Studio Version 17
VisualStudioVersion = 17.0.32014.148
MinimumVisualStudioVersion = 10.0.40219.1
Project("{FAE04EC0-301F-11D3-BF4B-00C04F79EFBC}") = "GmailSendMail", "GmailSendMail\GmailSendMail.csproj", "{9E77B0C2-1DA0-41AB-ABF4-C2225C672C22}"
EndProject
Global
	GlobalSection(SolutionConfigurationPlatforms) = preSolution
		Debug|Any CPU = Debug|Any CPU
		Release|Any CPU = Release|Any CPU
	EndGlobalSection
	GlobalSection(ProjectConfigurationPlatforms) = postSolution
		{9E77B0C2-1DA0-41AB-ABF4-C2225C672C22}.Debug|Any CPU.ActiveCfg = Debug|Any CPU
		{9E77B0C2-1DA0-41AB-ABF4-C2225C672C22}.Debug|Any CPU.Build.0 = Debug|Any CPU
		{9E77B0C2-1DA0-41AB-ABF4-C2225C672C22}.Release|Any CPU.ActiveCfg = Release|Any CPU
		{9E77B0C2-1DA0-41AB-ABF4-C2225C672C22}.Release|Any CPU.Build.0 = Release|Any CPU
	EndGlobalSection
	GlobalSection(SolutionProperties) = preSolution
		HideSolutionNode = FALSE
	EndGlobalSection
	GlobalSection(ExtensibilityGlobals) = postSolution
		SolutionGuid = {4CDBC214-29AB-4F95-944E-957792832AFA}
	EndGlobalSection
EndGlobal
